Microsoft Visual Studio Solution File, Format Version 12.00
# Visual Studio Version 17
VisualStudioVersion = 17.0.31606.5
MinimumVisualStudioVersion = 10.0.40219.1
Project("{9A19103F-16F7-4668-BE54-9A1E7A4F7556}") = "WinTenDev.ZiziBot.AppHost", "src\WinTenDev.ZiziBot.AppHost\WinTenDev.ZiziBot.AppHost.csproj", "{07FCA677-7F76-42B7-8C1D-DA47BCD9F360}"
EndProject
Project("{9A19103F-16F7-4668-BE54-9A1E7A4F7556}") = "WinTenDev.WebHook.AppHost", "src\WinTenDev.WebHook.AppHost\WinTenDev.WebHook.AppHost.csproj", "{B495ECAA-0A5A-4458-B82C-48AA7DFFCEBA}"
EndProject
Project("{9A19103F-16F7-4668-BE54-9A1E7A4F7556}") = "WinTenDev.WebApi.AppHost", "src\WinTenDev.WebApi.AppHost\WinTenDev.WebApi.AppHost.csproj", "{B913A17B-1C14-47DB-8284-B61EC2C0151B}"
EndProject
Project("{9A19103F-16F7-4668-BE54-9A1E7A4F7556}") = "WinTenDev.WebPortal.AppHost", "src\WinTenDev.WebPortal.AppHost\WinTenDev.WebPortal.AppHost.csproj", "{74B777B9-764C-4192-9896-74667D1701A3}"
EndProject
Project("{9A19103F-16F7-4668-BE54-9A1E7A4F7556}") = "WinTenDev.ZiziMirror.AppHost", "src\WinTenDev.ZiziMirror.AppHost\WinTenDev.ZiziMirror.AppHost.csproj", "{9A7D4E70-3CEF-4C20-80EF-AAF8E6FD3E79}"
EndProject
Project("{9A19103F-16F7-4668-BE54-9A1E7A4F7556}") = "WinTenDev.Zizi.Utils", "src\WinTenDev.Zizi.Utils\WinTenDev.Zizi.Utils.csproj", "{199D8F37-8120-4B94-A1DB-9EA044ECBC8A}"
EndProject
Project("{9A19103F-16F7-4668-BE54-9A1E7A4F7556}") = "WinTenDev.Zizi.Models", "src\WinTenDev.Zizi.Models\WinTenDev.Zizi.Models.csproj", "{302B4806-7C82-4CBC-B264-ADD6C98A4ADF}"
EndProject
Project("{9A19103F-16F7-4668-BE54-9A1E7A4F7556}") = "WinTenDev.Zizi.Services", "src\WinTenDev.Zizi.Services\WinTenDev.Zizi.Services.csproj", "{3CDEC4FD-F964-444E-9FEA-7822A534E797}"
EndProject
Project("{9A19103F-16F7-4668-BE54-9A1E7A4F7556}") = "WinTenDev.Zizi.Handlers", "src\WinTenDev.Zizi.Handlers\WinTenDev.Zizi.Handlers.csproj", "{E256DF80-1463-47C4-8AC1-05DD82E6D3A5}"
EndProject
Project("{9A19103F-16F7-4668-BE54-9A1E7A4F7556}") = "WinTenDev.DriveIndex.AppHost", "src\WinTenDev.DriveIndex.AppHost\WinTenDev.DriveIndex.AppHost.csproj", "{F95686A3-80A1-40C1-8342-3DB4DD6346BD}"
EndProject
Project("{9A19103F-16F7-4668-BE54-9A1E7A4F7556}") = "WinTenDev.Zizi.Tests", "src\WinTenDev.Zizi.Tests\WinTenDev.Zizi.Tests.csproj", "{24307A30-787E-46AE-9F2B-9AE163745AE4}"
EndProject
Project("{9A19103F-16F7-4668-BE54-9A1E7A4F7556}") = "WinTenDev.ZiziBot.Alpha1", "src\WinTenDev.ZiziBot.Alpha1\WinTenDev.ZiziBot.Alpha1.csproj", "{96EB8EFC-BFA3-4780-B882-9039C501952C}"
EndProject
Project("{9A19103F-16F7-4668-BE54-9A1E7A4F7556}") = "WinTenDev.Zizi.Exceptions", "src\WinTenDev.Zizi.Exceptions\WinTenDev.Zizi.Exceptions.csproj", "{AD909785-B18E-45CD-8C21-332BB7D61B81}"
EndProject
Project("{2150E333-8FDC-42A3-9474-1A3956D46DE8}") = "Solution Items", "Solution Items", "{93D0AC65-D0BE-4A72-998F-B6B491316DF0}"
	ProjectSection(SolutionItems) = preProject
		.editorconfig = .editorconfig
	EndProjectSection
EndProject
Project("{2150E333-8FDC-42A3-9474-1A3956D46DE8}") = "Core", "Core", "{CB519D18-4F9A-4032-8C6A-5801FE32961E}"
EndProject
Project("{2150E333-8FDC-42A3-9474-1A3956D46DE8}") = "Services", "Services", "{F51169C8-34B3-474D-9400-BAF8BEB9D206}"
EndProject
Project("{2150E333-8FDC-42A3-9474-1A3956D46DE8}") = "Tests", "Tests", "{B36D0C69-9A88-49CF-B812-ADFA6574897D}"
EndProject
Project("{2150E333-8FDC-42A3-9474-1A3956D46DE8}") = "Hosts", "Hosts", "{3AE5E36F-46D3-44F3-BCA8-407BF6AED95B}"
EndProject
Project("{9A19103F-16F7-4668-BE54-9A1E7A4F7556}") = "WinTenDev.Zizi.DbMigrations", "src\WinTenDev.Zizi.DbMigrations\WinTenDev.Zizi.DbMigrations.csproj", "{B3709FB9-9E14-426B-B964-D74FF5A3EEE4}"
EndProject
Project("{2150E333-8FDC-42A3-9474-1A3956D46DE8}") = "WebPortal", "WebPortal", "{715F9B2D-FF88-4F53-82B5-C0A34296DC5D}"
EndProject
Project("{9A19103F-16F7-4668-BE54-9A1E7A4F7556}") = "WinTenDev.ZiziBot.Alpha2", "src\WinTenDev.ZiziBot.Alpha2\WinTenDev.ZiziBot.Alpha2.csproj", "{31FC4CC0-939A-4072-9445-D54F1D595100}"
EndProject
Global
	GlobalSection(SolutionConfigurationPlatforms) = preSolution
		Debug|Any CPU = Debug|Any CPU
		Release|Any CPU = Release|Any CPU
	EndGlobalSection
	GlobalSection(ProjectConfigurationPlatforms) = postSolution
		{07FCA677-7F76-42B7-8C1D-DA47BCD9F360}.Debug|Any CPU.ActiveCfg = Debug|Any CPU
		{07FCA677-7F76-42B7-8C1D-DA47BCD9F360}.Debug|Any CPU.Build.0 = Debug|Any CPU
		{07FCA677-7F76-42B7-8C1D-DA47BCD9F360}.Release|Any CPU.ActiveCfg = Release|Any CPU
		{07FCA677-7F76-42B7-8C1D-DA47BCD9F360}.Release|Any CPU.Build.0 = Release|Any CPU
		{B495ECAA-0A5A-4458-B82C-48AA7DFFCEBA}.Debug|Any CPU.ActiveCfg = Debug|Any CPU
		{B495ECAA-0A5A-4458-B82C-48AA7DFFCEBA}.Debug|Any CPU.Build.0 = Debug|Any CPU
		{B495ECAA-0A5A-4458-B82C-48AA7DFFCEBA}.Release|Any CPU.ActiveCfg = Release|Any CPU
		{B495ECAA-0A5A-4458-B82C-48AA7DFFCEBA}.Release|Any CPU.Build.0 = Release|Any CPU
		{B913A17B-1C14-47DB-8284-B61EC2C0151B}.Debug|Any CPU.ActiveCfg = Debug|Any CPU
		{B913A17B-1C14-47DB-8284-B61EC2C0151B}.Debug|Any CPU.Build.0 = Debug|Any CPU
		{B913A17B-1C14-47DB-8284-B61EC2C0151B}.Release|Any CPU.ActiveCfg = Release|Any CPU
		{B913A17B-1C14-47DB-8284-B61EC2C0151B}.Release|Any CPU.Build.0 = Release|Any CPU
		{74B777B9-764C-4192-9896-74667D1701A3}.Debug|Any CPU.ActiveCfg = Debug|Any CPU
		{74B777B9-764C-4192-9896-74667D1701A3}.Debug|Any CPU.Build.0 = Debug|Any CPU
		{74B777B9-764C-4192-9896-74667D1701A3}.Release|Any CPU.ActiveCfg = Release|Any CPU
		{74B777B9-764C-4192-9896-74667D1701A3}.Release|Any CPU.Build.0 = Release|Any CPU
		{9A7D4E70-3CEF-4C20-80EF-AAF8E6FD3E79}.Debug|Any CPU.ActiveCfg = Debug|Any CPU
		{9A7D4E70-3CEF-4C20-80EF-AAF8E6FD3E79}.Debug|Any CPU.Build.0 = Debug|Any CPU
		{9A7D4E70-3CEF-4C20-80EF-AAF8E6FD3E79}.Release|Any CPU.ActiveCfg = Release|Any CPU
		{9A7D4E70-3CEF-4C20-80EF-AAF8E6FD3E79}.Release|Any CPU.Build.0 = Release|Any CPU
		{199D8F37-8120-4B94-A1DB-9EA044ECBC8A}.Debug|Any CPU.ActiveCfg = Debug|Any CPU
		{199D8F37-8120-4B94-A1DB-9EA044ECBC8A}.Debug|Any CPU.Build.0 = Debug|Any CPU
		{199D8F37-8120-4B94-A1DB-9EA044ECBC8A}.Release|Any CPU.ActiveCfg = Release|Any CPU
		{199D8F37-8120-4B94-A1DB-9EA044ECBC8A}.Release|Any CPU.Build.0 = Release|Any CPU
		{302B4806-7C82-4CBC-B264-ADD6C98A4ADF}.Debug|Any CPU.ActiveCfg = Debug|Any CPU
		{302B4806-7C82-4CBC-B264-ADD6C98A4ADF}.Debug|Any CPU.Build.0 = Debug|Any CPU
		{302B4806-7C82-4CBC-B264-ADD6C98A4ADF}.Release|Any CPU.ActiveCfg = Release|Any CPU
		{302B4806-7C82-4CBC-B264-ADD6C98A4ADF}.Release|Any CPU.Build.0 = Release|Any CPU
		{3CDEC4FD-F964-444E-9FEA-7822A534E797}.Debug|Any CPU.ActiveCfg = Debug|Any CPU
		{3CDEC4FD-F964-444E-9FEA-7822A534E797}.Debug|Any CPU.Build.0 = Debug|Any CPU
		{3CDEC4FD-F964-444E-9FEA-7822A534E797}.Release|Any CPU.ActiveCfg = Release|Any CPU
		{3CDEC4FD-F964-444E-9FEA-7822A534E797}.Release|Any CPU.Build.0 = Release|Any CPU
		{E256DF80-1463-47C4-8AC1-05DD82E6D3A5}.Debug|Any CPU.ActiveCfg = Debug|Any CPU
		{E256DF80-1463-47C4-8AC1-05DD82E6D3A5}.Debug|Any CPU.Build.0 = Debug|Any CPU
		{E256DF80-1463-47C4-8AC1-05DD82E6D3A5}.Release|Any CPU.ActiveCfg = Release|Any CPU
		{E256DF80-1463-47C4-8AC1-05DD82E6D3A5}.Release|Any CPU.Build.0 = Release|Any CPU
		{F95686A3-80A1-40C1-8342-3DB4DD6346BD}.Debug|Any CPU.ActiveCfg = Debug|Any CPU
		{F95686A3-80A1-40C1-8342-3DB4DD6346BD}.Debug|Any CPU.Build.0 = Debug|Any CPU
		{F95686A3-80A1-40C1-8342-3DB4DD6346BD}.Release|Any CPU.ActiveCfg = Release|Any CPU
		{F95686A3-80A1-40C1-8342-3DB4DD6346BD}.Release|Any CPU.Build.0 = Release|Any CPU
		{24307A30-787E-46AE-9F2B-9AE163745AE4}.Debug|Any CPU.ActiveCfg = Debug|Any CPU
		{24307A30-787E-46AE-9F2B-9AE163745AE4}.Debug|Any CPU.Build.0 = Debug|Any CPU
		{24307A30-787E-46AE-9F2B-9AE163745AE4}.Release|Any CPU.ActiveCfg = Release|Any CPU
		{24307A30-787E-46AE-9F2B-9AE163745AE4}.Release|Any CPU.Build.0 = Release|Any CPU
		{96EB8EFC-BFA3-4780-B882-9039C501952C}.Debug|Any CPU.ActiveCfg = Debug|Any CPU
		{96EB8EFC-BFA3-4780-B882-9039C501952C}.Debug|Any CPU.Build.0 = Debug|Any CPU
		{96EB8EFC-BFA3-4780-B882-9039C501952C}.Release|Any CPU.ActiveCfg = Release|Any CPU
		{96EB8EFC-BFA3-4780-B882-9039C501952C}.Release|Any CPU.Build.0 = Release|Any CPU
		{AD909785-B18E-45CD-8C21-332BB7D61B81}.Debug|Any CPU.ActiveCfg = Debug|Any CPU
		{AD909785-B18E-45CD-8C21-332BB7D61B81}.Debug|Any CPU.Build.0 = Debug|Any CPU
		{AD909785-B18E-45CD-8C21-332BB7D61B81}.Release|Any CPU.ActiveCfg = Release|Any CPU
		{AD909785-B18E-45CD-8C21-332BB7D61B81}.Release|Any CPU.Build.0 = Release|Any CPU
		{B3709FB9-9E14-426B-B964-D74FF5A3EEE4}.Debug|Any CPU.ActiveCfg = Debug|Any CPU
		{B3709FB9-9E14-426B-B964-D74FF5A3EEE4}.Debug|Any CPU.Build.0 = Debug|Any CPU
		{B3709FB9-9E14-426B-B964-D74FF5A3EEE4}.Release|Any CPU.ActiveCfg = Release|Any CPU
		{B3709FB9-9E14-426B-B964-D74FF5A3EEE4}.Release|Any CPU.Build.0 = Release|Any CPU
		{31FC4CC0-939A-4072-9445-D54F1D595100}.Debug|Any CPU.ActiveCfg = Debug|Any CPU
		{31FC4CC0-939A-4072-9445-D54F1D595100}.Debug|Any CPU.Build.0 = Debug|Any CPU
		{31FC4CC0-939A-4072-9445-D54F1D595100}.Release|Any CPU.ActiveCfg = Release|Any CPU
		{31FC4CC0-939A-4072-9445-D54F1D595100}.Release|Any CPU.Build.0 = Release|Any CPU
	EndGlobalSection
	GlobalSection(SolutionProperties) = preSolution
		HideSolutionNode = FALSE
	EndGlobalSection
	GlobalSection(NestedProjects) = preSolution
		{07FCA677-7F76-42B7-8C1D-DA47BCD9F360} = {3AE5E36F-46D3-44F3-BCA8-407BF6AED95B}
		{B495ECAA-0A5A-4458-B82C-48AA7DFFCEBA} = {3AE5E36F-46D3-44F3-BCA8-407BF6AED95B}
		{B913A17B-1C14-47DB-8284-B61EC2C0151B} = {3AE5E36F-46D3-44F3-BCA8-407BF6AED95B}
		{74B777B9-764C-4192-9896-74667D1701A3} = {3AE5E36F-46D3-44F3-BCA8-407BF6AED95B}
		{9A7D4E70-3CEF-4C20-80EF-AAF8E6FD3E79} = {3AE5E36F-46D3-44F3-BCA8-407BF6AED95B}
		{199D8F37-8120-4B94-A1DB-9EA044ECBC8A} = {CB519D18-4F9A-4032-8C6A-5801FE32961E}
		{302B4806-7C82-4CBC-B264-ADD6C98A4ADF} = {CB519D18-4F9A-4032-8C6A-5801FE32961E}
		{3CDEC4FD-F964-444E-9FEA-7822A534E797} = {F51169C8-34B3-474D-9400-BAF8BEB9D206}
		{E256DF80-1463-47C4-8AC1-05DD82E6D3A5} = {F51169C8-34B3-474D-9400-BAF8BEB9D206}
		{F95686A3-80A1-40C1-8342-3DB4DD6346BD} = {3AE5E36F-46D3-44F3-BCA8-407BF6AED95B}
		{24307A30-787E-46AE-9F2B-9AE163745AE4} = {B36D0C69-9A88-49CF-B812-ADFA6574897D}
		{96EB8EFC-BFA3-4780-B882-9039C501952C} = {3AE5E36F-46D3-44F3-BCA8-407BF6AED95B}
		{AD909785-B18E-45CD-8C21-332BB7D61B81} = {CB519D18-4F9A-4032-8C6A-5801FE32961E}
		{B3709FB9-9E14-426B-B964-D74FF5A3EEE4} = {CB519D18-4F9A-4032-8C6A-5801FE32961E}
		{31FC4CC0-939A-4072-9445-D54F1D595100} = {3AE5E36F-46D3-44F3-BCA8-407BF6AED95B}
	EndGlobalSection
	GlobalSection(ExtensibilityGlobals) = postSolution
		SolutionGuid = {AFE8345E-016B-4B6D-A95A-3D62AEF8BA8A}
		RESX_ShowPerformanceTraces = True
	EndGlobalSection
EndGlobal
