Microsoft Visual Studio Solution File, Format Version 12.00
# Visual Studio Version 17
VisualStudioVersion = 17.0.31606.5
MinimumVisualStudioVersion = 10.0.40219.1
Project("{9A19103F-16F7-4668-BE54-9A1E7A4F7556}") = "WinTenDev.ZiziBot.AppHost", "src\WinTenDev.ZiziBot.AppHost\WinTenDev.ZiziBot.AppHost.csproj", "{07FCA677-7F76-42B7-8C1D-DA47BCD9F360}"
EndProject
Project("{9A19103F-16F7-4668-BE54-9A1E7A4F7556}") = "WinTenDev.ZiziMirror.AppHost", "src\WinTenDev.ZiziMirror.AppHost\WinTenDev.ZiziMirror.AppHost.csproj", "{9A7D4E70-3CEF-4C20-80EF-AAF8E6FD3E79}"
EndProject
Project("{9A19103F-16F7-4668-BE54-9A1E7A4F7556}") = "WinTenDev.Zizi.Utils", "src\WinTenDev.Zizi.Utils\WinTenDev.Zizi.Utils.csproj", "{199D8F37-8120-4B94-A1DB-9EA044ECBC8A}"
EndProject
Project("{9A19103F-16F7-4668-BE54-9A1E7A4F7556}") = "WinTenDev.Zizi.Models", "src\WinTenDev.Zizi.Models\WinTenDev.Zizi.Models.csproj", "{302B4806-7C82-4CBC-B264-ADD6C98A4ADF}"
EndProject
Project("{9A19103F-16F7-4668-BE54-9A1E7A4F7556}") = "WinTenDev.Zizi.Services", "src\WinTenDev.Zizi.Services\WinTenDev.Zizi.Services.csproj", "{3CDEC4FD-F964-444E-9FEA-7822A534E797}"
EndProject
Project("{9A19103F-16F7-4668-BE54-9A1E7A4F7556}") = "WinTenDev.Zizi.Tests", "src\WinTenDev.Zizi.Tests\WinTenDev.Zizi.Tests.csproj", "{24307A30-787E-46AE-9F2B-9AE163745AE4}"
EndProject
Project("{9A19103F-16F7-4668-BE54-9A1E7A4F7556}") = "WinTenDev.ZiziBot.Alpha1", "src\WinTenDev.ZiziBot.Alpha1\WinTenDev.ZiziBot.Alpha1.csproj", "{96EB8EFC-BFA3-4780-B882-9039C501952C}"
EndProject
Project("{2150E333-8FDC-42A3-9474-1A3956D46DE8}") = "0 - Solution Items", "0 - Solution Items", "{93D0AC65-D0BE-4A72-998F-B6B491316DF0}"
	ProjectSection(SolutionItems) = preProject
		.editorconfig = .editorconfig
		Directory.Build.props = Directory.Build.props
		global.json = global.json
		README.md = README.md
	EndProjectSection
EndProject
Project("{2150E333-8FDC-42A3-9474-1A3956D46DE8}") = "1 - Core", "1 - Core", "{CB519D18-4F9A-4032-8C6A-5801FE32961E}"
EndProject
Project("{2150E333-8FDC-42A3-9474-1A3956D46DE8}") = "2 - Services", "2 - Services", "{F51169C8-34B3-474D-9400-BAF8BEB9D206}"
EndProject
Project("{2150E333-8FDC-42A3-9474-1A3956D46DE8}") = "8 - Tests", "8 - Tests", "{B36D0C69-9A88-49CF-B812-ADFA6574897D}"
EndProject
Project("{9A19103F-16F7-4668-BE54-9A1E7A4F7556}") = "WinTenDev.Zizi.DbMigrations", "src\WinTenDev.Zizi.DbMigrations\WinTenDev.Zizi.DbMigrations.csproj", "{B3709FB9-9E14-426B-B964-D74FF5A3EEE4}"
EndProject
Project("{9A19103F-16F7-4668-BE54-9A1E7A4F7556}") = "WinTenDev.ZiziBot.Alpha2", "src\WinTenDev.ZiziBot.Alpha2\WinTenDev.ZiziBot.Alpha2.csproj", "{31FC4CC0-939A-4072-9445-D54F1D595100}"
EndProject
Project("{2150E333-8FDC-42A3-9474-1A3956D46DE8}") = "9 - Tools", "9 - Tools", "{0A1668BA-C855-4E94-BADA-0B00E48D7AAE}"
EndProject
Project("{FAE04EC0-301F-11D3-BF4B-00C04F79EFBC}") = "WinTenDev.ZiziTools.Cli", "src\WinTenDev.ZiziTools.Cli\WinTenDev.ZiziTools.Cli.csproj", "{ECAF5A60-6A87-41F8-A835-44AFC27D96B8}"
EndProject
Project("{FAE04EC0-301F-11D3-BF4B-00C04F79EFBC}") = "WinTenDev.Zizi.Extensions", "src\WinTenDev.Zizi.Extensions\WinTenDev.Zizi.Extensions.csproj", "{30A50B72-182A-4289-A71C-2D81D43DA0DD}"
EndProject
Project("{FAE04EC0-301F-11D3-BF4B-00C04F79EFBC}") = "WinTenDev.ZiziApi.AppHost", "src\WinTenDev.ZiziApi.AppHost\WinTenDev.ZiziApi.AppHost.csproj", "{CDD94700-0207-42EB-8C91-A50A2650EB63}"
EndProject
Project("{2150E333-8FDC-42A3-9474-1A3956D46DE8}") = "3 - Bots", "3 - Bots", "{4D3C448F-B4CB-4622-93CC-23140D616ED2}"
EndProject
Project("{2150E333-8FDC-42A3-9474-1A3956D46DE8}") = "4 - APIs", "4 - APIs", "{470FE321-069C-4E10-987E-2D6BAB9D5875}"
EndProject
Project("{2150E333-8FDC-42A3-9474-1A3956D46DE8}") = "7 - Dashboard", "7 - Dashboard", "{1AF6C328-730A-4C1E-A78B-8AAF6FF66BFB}"
EndProject
Project("{FAE04EC0-301F-11D3-BF4B-00C04F79EFBC}") = "WinTenDev.ZiziBot.Alpha4", "src\WinTenDev.ZiziBot.Alpha4\WinTenDev.ZiziBot.Alpha4.csproj", "{628F8C38-ACEF-4E37-8609-97AEF8134FB3}"
EndProject
Global
	GlobalSection(SolutionConfigurationPlatforms) = preSolution
		Debug|Any CPU = Debug|Any CPU
		Release|Any CPU = Release|Any CPU
	EndGlobalSection
	GlobalSection(ProjectConfigurationPlatforms) = postSolution
		{07FCA677-7F76-42B7-8C1D-DA47BCD9F360}.Debug|Any CPU.ActiveCfg = Debug|Any CPU
		{07FCA677-7F76-42B7-8C1D-DA47BCD9F360}.Debug|Any CPU.Build.0 = Debug|Any CPU
		{07FCA677-7F76-42B7-8C1D-DA47BCD9F360}.Release|Any CPU.ActiveCfg = Release|Any CPU
		{07FCA677-7F76-42B7-8C1D-DA47BCD9F360}.Release|Any CPU.Build.0 = Release|Any CPU
		{9A7D4E70-3CEF-4C20-80EF-AAF8E6FD3E79}.Debug|Any CPU.ActiveCfg = Debug|Any CPU
		{9A7D4E70-3CEF-4C20-80EF-AAF8E6FD3E79}.Debug|Any CPU.Build.0 = Debug|Any CPU
		{9A7D4E70-3CEF-4C20-80EF-AAF8E6FD3E79}.Release|Any CPU.ActiveCfg = Release|Any CPU
		{9A7D4E70-3CEF-4C20-80EF-AAF8E6FD3E79}.Release|Any CPU.Build.0 = Release|Any CPU
		{199D8F37-8120-4B94-A1DB-9EA044ECBC8A}.Debug|Any CPU.ActiveCfg = Debug|Any CPU
		{199D8F37-8120-4B94-A1DB-9EA044ECBC8A}.Debug|Any CPU.Build.0 = Debug|Any CPU
		{199D8F37-8120-4B94-A1DB-9EA044ECBC8A}.Release|Any CPU.ActiveCfg = Release|Any CPU
		{199D8F37-8120-4B94-A1DB-9EA044ECBC8A}.Release|Any CPU.Build.0 = Release|Any CPU
		{302B4806-7C82-4CBC-B264-ADD6C98A4ADF}.Debug|Any CPU.ActiveCfg = Debug|Any CPU
		{302B4806-7C82-4CBC-B264-ADD6C98A4ADF}.Debug|Any CPU.Build.0 = Debug|Any CPU
		{302B4806-7C82-4CBC-B264-ADD6C98A4ADF}.Release|Any CPU.ActiveCfg = Release|Any CPU
		{302B4806-7C82-4CBC-B264-ADD6C98A4ADF}.Release|Any CPU.Build.0 = Release|Any CPU
		{3CDEC4FD-F964-444E-9FEA-7822A534E797}.Debug|Any CPU.ActiveCfg = Debug|Any CPU
		{3CDEC4FD-F964-444E-9FEA-7822A534E797}.Debug|Any CPU.Build.0 = Debug|Any CPU
		{3CDEC4FD-F964-444E-9FEA-7822A534E797}.Release|Any CPU.ActiveCfg = Release|Any CPU
		{3CDEC4FD-F964-444E-9FEA-7822A534E797}.Release|Any CPU.Build.0 = Release|Any CPU
		{24307A30-787E-46AE-9F2B-9AE163745AE4}.Debug|Any CPU.ActiveCfg = Debug|Any CPU
		{24307A30-787E-46AE-9F2B-9AE163745AE4}.Debug|Any CPU.Build.0 = Debug|Any CPU
		{24307A30-787E-46AE-9F2B-9AE163745AE4}.Release|Any CPU.ActiveCfg = Release|Any CPU
		{24307A30-787E-46AE-9F2B-9AE163745AE4}.Release|Any CPU.Build.0 = Release|Any CPU
		{96EB8EFC-BFA3-4780-B882-9039C501952C}.Debug|Any CPU.ActiveCfg = Debug|Any CPU
		{96EB8EFC-BFA3-4780-B882-9039C501952C}.Debug|Any CPU.Build.0 = Debug|Any CPU
		{96EB8EFC-BFA3-4780-B882-9039C501952C}.Release|Any CPU.ActiveCfg = Release|Any CPU
		{96EB8EFC-BFA3-4780-B882-9039C501952C}.Release|Any CPU.Build.0 = Release|Any CPU
		{B3709FB9-9E14-426B-B964-D74FF5A3EEE4}.Debug|Any CPU.ActiveCfg = Debug|Any CPU
		{B3709FB9-9E14-426B-B964-D74FF5A3EEE4}.Debug|Any CPU.Build.0 = Debug|Any CPU
		{B3709FB9-9E14-426B-B964-D74FF5A3EEE4}.Release|Any CPU.ActiveCfg = Release|Any CPU
		{B3709FB9-9E14-426B-B964-D74FF5A3EEE4}.Release|Any CPU.Build.0 = Release|Any CPU
		{31FC4CC0-939A-4072-9445-D54F1D595100}.Debug|Any CPU.ActiveCfg = Debug|Any CPU
		{31FC4CC0-939A-4072-9445-D54F1D595100}.Debug|Any CPU.Build.0 = Debug|Any CPU
		{31FC4CC0-939A-4072-9445-D54F1D595100}.Release|Any CPU.ActiveCfg = Release|Any CPU
		{31FC4CC0-939A-4072-9445-D54F1D595100}.Release|Any CPU.Build.0 = Release|Any CPU
		{ECAF5A60-6A87-41F8-A835-44AFC27D96B8}.Debug|Any CPU.ActiveCfg = Debug|Any CPU
		{ECAF5A60-6A87-41F8-A835-44AFC27D96B8}.Debug|Any CPU.Build.0 = Debug|Any CPU
		{ECAF5A60-6A87-41F8-A835-44AFC27D96B8}.Release|Any CPU.ActiveCfg = Release|Any CPU
		{ECAF5A60-6A87-41F8-A835-44AFC27D96B8}.Release|Any CPU.Build.0 = Release|Any CPU
		{30A50B72-182A-4289-A71C-2D81D43DA0DD}.Debug|Any CPU.ActiveCfg = Debug|Any CPU
		{30A50B72-182A-4289-A71C-2D81D43DA0DD}.Debug|Any CPU.Build.0 = Debug|Any CPU
		{30A50B72-182A-4289-A71C-2D81D43DA0DD}.Release|Any CPU.ActiveCfg = Release|Any CPU
		{30A50B72-182A-4289-A71C-2D81D43DA0DD}.Release|Any CPU.Build.0 = Release|Any CPU
		{CDD94700-0207-42EB-8C91-A50A2650EB63}.Debug|Any CPU.ActiveCfg = Debug|Any CPU
		{CDD94700-0207-42EB-8C91-A50A2650EB63}.Debug|Any CPU.Build.0 = Debug|Any CPU
		{CDD94700-0207-42EB-8C91-A50A2650EB63}.Release|Any CPU.ActiveCfg = Release|Any CPU
		{CDD94700-0207-42EB-8C91-A50A2650EB63}.Release|Any CPU.Build.0 = Release|Any CPU
		{628F8C38-ACEF-4E37-8609-97AEF8134FB3}.Debug|Any CPU.ActiveCfg = Debug|Any CPU
		{628F8C38-ACEF-4E37-8609-97AEF8134FB3}.Debug|Any CPU.Build.0 = Debug|Any CPU
		{628F8C38-ACEF-4E37-8609-97AEF8134FB3}.Release|Any CPU.ActiveCfg = Release|Any CPU
		{628F8C38-ACEF-4E37-8609-97AEF8134FB3}.Release|Any CPU.Build.0 = Release|Any CPU
	EndGlobalSection
	GlobalSection(SolutionProperties) = preSolution
		HideSolutionNode = FALSE
	EndGlobalSection
	GlobalSection(NestedProjects) = preSolution
		{199D8F37-8120-4B94-A1DB-9EA044ECBC8A} = {CB519D18-4F9A-4032-8C6A-5801FE32961E}
		{302B4806-7C82-4CBC-B264-ADD6C98A4ADF} = {CB519D18-4F9A-4032-8C6A-5801FE32961E}
		{3CDEC4FD-F964-444E-9FEA-7822A534E797} = {F51169C8-34B3-474D-9400-BAF8BEB9D206}
		{24307A30-787E-46AE-9F2B-9AE163745AE4} = {B36D0C69-9A88-49CF-B812-ADFA6574897D}
		{B3709FB9-9E14-426B-B964-D74FF5A3EEE4} = {CB519D18-4F9A-4032-8C6A-5801FE32961E}
		{ECAF5A60-6A87-41F8-A835-44AFC27D96B8} = {0A1668BA-C855-4E94-BADA-0B00E48D7AAE}
		{30A50B72-182A-4289-A71C-2D81D43DA0DD} = {CB519D18-4F9A-4032-8C6A-5801FE32961E}
		{96EB8EFC-BFA3-4780-B882-9039C501952C} = {4D3C448F-B4CB-4622-93CC-23140D616ED2}
		{31FC4CC0-939A-4072-9445-D54F1D595100} = {4D3C448F-B4CB-4622-93CC-23140D616ED2}
		{07FCA677-7F76-42B7-8C1D-DA47BCD9F360} = {4D3C448F-B4CB-4622-93CC-23140D616ED2}
		{9A7D4E70-3CEF-4C20-80EF-AAF8E6FD3E79} = {4D3C448F-B4CB-4622-93CC-23140D616ED2}
		{CDD94700-0207-42EB-8C91-A50A2650EB63} = {470FE321-069C-4E10-987E-2D6BAB9D5875}
		{628F8C38-ACEF-4E37-8609-97AEF8134FB3} = {4D3C448F-B4CB-4622-93CC-23140D616ED2}
	EndGlobalSection
	GlobalSection(ExtensibilityGlobals) = postSolution
		SolutionGuid = {AFE8345E-016B-4B6D-A95A-3D62AEF8BA8A}
		RESX_ShowPerformanceTraces = True
	EndGlobalSection
EndGlobal
